// !$*UTF8*$!
{
	archiveVersion = 1;
	classes = {
	};
	objectVersion = 51;
	objects = {

/* Begin PBXBuildFile section */
		9D95EC722407D9B100934CBB /* eventsDetails.storyboard in Resources */ = {isa = PBXBuildFile; fileRef = 9D95EC712407D9B100934CBB /* eventsDetails.storyboard */; };
		9D95EC742407DAC600934CBB /* eventsDetailsViewController.swift in Sources */ = {isa = PBXBuildFile; fileRef = 9D95EC732407DAC600934CBB /* eventsDetailsViewController.swift */; };
		9D95EC762407DB0400934CBB /* eventsDetailsTableViewController.swift in Sources */ = {isa = PBXBuildFile; fileRef = 9D95EC752407DB0300934CBB /* eventsDetailsTableViewController.swift */; };
		CF09567D234A749400A7C213 /* signUpViewController.swift in Sources */ = {isa = PBXBuildFile; fileRef = CF09567C234A749400A7C213 /* signUpViewController.swift */; };
		CF095680234A7A4100A7C213 /* mainTabBarViewController.swift in Sources */ = {isa = PBXBuildFile; fileRef = CF09567F234A7A4100A7C213 /* mainTabBarViewController.swift */; };
		CF095683234A7A8700A7C213 /* StoresViewController.swift in Sources */ = {isa = PBXBuildFile; fileRef = CF095682234A7A8700A7C213 /* StoresViewController.swift */; };
		CF1223E523F20240006A93B0 /* Events.storyboard in Resources */ = {isa = PBXBuildFile; fileRef = CF1223E423F20240006A93B0 /* Events.storyboard */; };
		CF1223E723F202B9006A93B0 /* eventsViewController.swift in Sources */ = {isa = PBXBuildFile; fileRef = CF1223E623F202B9006A93B0 /* eventsViewController.swift */; };
		CF1223E923F21102006A93B0 /* eventosTableViewController.swift in Sources */ = {isa = PBXBuildFile; fileRef = CF1223E823F21102006A93B0 /* eventosTableViewController.swift */; };
		CF1223EC23F216D3006A93B0 /* eventosTableViewCell.swift in Sources */ = {isa = PBXBuildFile; fileRef = CF1223EA23F216D3006A93B0 /* eventosTableViewCell.swift */; };
		CF1223ED23F216D3006A93B0 /* eventosTableViewCell.xib in Resources */ = {isa = PBXBuildFile; fileRef = CF1223EB23F216D3006A93B0 /* eventosTableViewCell.xib */; };
		CF1223EF23F22079006A93B0 /* calendarViewController.swift in Sources */ = {isa = PBXBuildFile; fileRef = CF1223EE23F22079006A93B0 /* calendarViewController.swift */; };
		CF5415D123CFCF2800CFD34A /* Assets.xcassets in Resources */ = {isa = PBXBuildFile; fileRef = CF5415D023CFCF2800CFD34A /* Assets.xcassets */; };
		CF59E4D823D65F6E000FBB25 /* CouponsViewController.swift in Sources */ = {isa = PBXBuildFile; fileRef = CF59E4D723D65F6E000FBB25 /* CouponsViewController.swift */; };
		CF59E4DB23D664F2000FBB25 /* cuponesTableViewCell.swift in Sources */ = {isa = PBXBuildFile; fileRef = CF59E4D923D664F2000FBB25 /* cuponesTableViewCell.swift */; };
		CF59E4DE23D66594000FBB25 /* cuponesTableViewCell.xib in Resources */ = {isa = PBXBuildFile; fileRef = CF59E4DD23D66594000FBB25 /* cuponesTableViewCell.xib */; };
		CF74A17523D1354400950974 /* tiendasTableViewCell.swift in Sources */ = {isa = PBXBuildFile; fileRef = CF74A17323D1354400950974 /* tiendasTableViewCell.swift */; };
		CF74A17623D1354400950974 /* tiendasTableViewCell.xib in Resources */ = {isa = PBXBuildFile; fileRef = CF74A17423D1354400950974 /* tiendasTableViewCell.xib */; };
		CF7532C523CAE4D400C3DFF4 /* baseURL.swift in Sources */ = {isa = PBXBuildFile; fileRef = CF7532C423CAE4D400C3DFF4 /* baseURL.swift */; };
		CF852C2423D23D0900A78E7D /* Extensions.swift in Sources */ = {isa = PBXBuildFile; fileRef = CF852C2323D23D0900A78E7D /* Extensions.swift */; };
		CF852C2723D261CD00A78E7D /* profileViewController.swift in Sources */ = {isa = PBXBuildFile; fileRef = CF852C2623D261CD00A78E7D /* profileViewController.swift */; };
		CF852C2923D2642F00A78E7D /* pickerDelegate.swift in Sources */ = {isa = PBXBuildFile; fileRef = CF852C2823D2642F00A78E7D /* pickerDelegate.swift */; };
		CF9A2D3624073ABC000A3ABE /* GoogleService-Info.plist in Resources */ = {isa = PBXBuildFile; fileRef = CF9A2D3524073ABB000A3ABE /* GoogleService-Info.plist */; };
		CFA75117234AEBAF0005559F /* configuracionTableViewController.swift in Sources */ = {isa = PBXBuildFile; fileRef = CFA75116234AEBAF0005559F /* configuracionTableViewController.swift */; };
		CFA9104A23F3611C00131DA6 /* folio.storyboard in Resources */ = {isa = PBXBuildFile; fileRef = CFA9104923F3611C00131DA6 /* folio.storyboard */; };
		CFA9104C23F3621A00131DA6 /* folioViewController.swift in Sources */ = {isa = PBXBuildFile; fileRef = CFA9104B23F3621A00131DA6 /* folioViewController.swift */; };
		CFA9104E23F3623600131DA6 /* folioTableViewController.swift in Sources */ = {isa = PBXBuildFile; fileRef = CFA9104D23F3623600131DA6 /* folioTableViewController.swift */; };
		CFAB54A323D82A4D005A35DC /* storeDetail.storyboard in Resources */ = {isa = PBXBuildFile; fileRef = CFAB54A223D82A4D005A35DC /* storeDetail.storyboard */; };
		CFAB54A523D82E14005A35DC /* storeDetailsViewController.swift in Sources */ = {isa = PBXBuildFile; fileRef = CFAB54A423D82E14005A35DC /* storeDetailsViewController.swift */; };
		CFAB54A723D82F2F005A35DC /* storeDetailsTableViewController.swift in Sources */ = {isa = PBXBuildFile; fileRef = CFAB54A623D82F2F005A35DC /* storeDetailsTableViewController.swift */; };
		CFBCB52D2347E730009F32B0 /* AppDelegate.swift in Sources */ = {isa = PBXBuildFile; fileRef = CFBCB52C2347E730009F32B0 /* AppDelegate.swift */; };
		CFBCB5312347E730009F32B0 /* ViewController.swift in Sources */ = {isa = PBXBuildFile; fileRef = CFBCB5302347E730009F32B0 /* ViewController.swift */; };
		CFBCB5342347E730009F32B0 /* Main.storyboard in Resources */ = {isa = PBXBuildFile; fileRef = CFBCB5322347E730009F32B0 /* Main.storyboard */; };
		CFBCB5372347E730009F32B0 /* viaSanAngel.xcdatamodeld in Sources */ = {isa = PBXBuildFile; fileRef = CFBCB5352347E730009F32B0 /* viaSanAngel.xcdatamodeld */; };
		CFBCB53C2347E731009F32B0 /* LaunchScreen.storyboard in Resources */ = {isa = PBXBuildFile; fileRef = CFBCB53A2347E731009F32B0 /* LaunchScreen.storyboard */; };
		CFBCB5452347F413009F32B0 /* signInViewController.swift in Sources */ = {isa = PBXBuildFile; fileRef = CFBCB5442347F413009F32B0 /* signInViewController.swift */; };
		CFE8CDAD23EA40DA00561260 /* configuracionViewController.swift in Sources */ = {isa = PBXBuildFile; fileRef = CFE8CDAC23EA40DA00561260 /* configuracionViewController.swift */; };
		CFF82BBB23D8BC9700CF76BA /* userDefaults.rtf in Resources */ = {isa = PBXBuildFile; fileRef = CFF82BBA23D8BC9700CF76BA /* userDefaults.rtf */; };
		CFF82BBD23D8BE1E00CF76BA /* Coupons.storyboard in Resources */ = {isa = PBXBuildFile; fileRef = CFF82BBC23D8BE1E00CF76BA /* Coupons.storyboard */; };
		CFF82BBF23D8BFC700CF76BA /* couponDetailViewController.swift in Sources */ = {isa = PBXBuildFile; fileRef = CFF82BBE23D8BFC700CF76BA /* couponDetailViewController.swift */; };
		CFF82BC123D8BFE000CF76BA /* couponDetailTableViewController.swift in Sources */ = {isa = PBXBuildFile; fileRef = CFF82BC023D8BFE000CF76BA /* couponDetailTableViewController.swift */; };
		CFF82BC423D8EDF600CF76BA /* mapWebViewViewController.swift in Sources */ = {isa = PBXBuildFile; fileRef = CFF82BC323D8EDF600CF76BA /* mapWebViewViewController.swift */; };
		CFF82BC623D9056300CF76BA /* WebKit.framework in Frameworks */ = {isa = PBXBuildFile; fileRef = CFF82BC523D9056200CF76BA /* WebKit.framework */; };
		E023047F2ECF69112C463889 /* Pods_viaSanAngel.framework in Frameworks */ = {isa = PBXBuildFile; fileRef = C2E0F7D5664FE877D8C14E35 /* Pods_viaSanAngel.framework */; };
/* End PBXBuildFile section */

/* Begin PBXFileReference section */
		42DB1E5933F9273554AC93DF /* Pods-viaSanAngel.debug.xcconfig */ = {isa = PBXFileReference; includeInIndex = 1; lastKnownFileType = text.xcconfig; name = "Pods-viaSanAngel.debug.xcconfig"; path = "Target Support Files/Pods-viaSanAngel/Pods-viaSanAngel.debug.xcconfig"; sourceTree = "<group>"; };
		43FEB4509E4508962807A5E7 /* Pods-viaSanAngel.release.xcconfig */ = {isa = PBXFileReference; includeInIndex = 1; lastKnownFileType = text.xcconfig; name = "Pods-viaSanAngel.release.xcconfig"; path = "Target Support Files/Pods-viaSanAngel/Pods-viaSanAngel.release.xcconfig"; sourceTree = "<group>"; };
		9D95EC712407D9B100934CBB /* eventsDetails.storyboard */ = {isa = PBXFileReference; lastKnownFileType = file.storyboard; path = eventsDetails.storyboard; sourceTree = "<group>"; };
		9D95EC732407DAC600934CBB /* eventsDetailsViewController.swift */ = {isa = PBXFileReference; lastKnownFileType = sourcecode.swift; path = eventsDetailsViewController.swift; sourceTree = "<group>"; };
		9D95EC752407DB0300934CBB /* eventsDetailsTableViewController.swift */ = {isa = PBXFileReference; lastKnownFileType = sourcecode.swift; path = eventsDetailsTableViewController.swift; sourceTree = "<group>"; };
		C2E0F7D5664FE877D8C14E35 /* Pods_viaSanAngel.framework */ = {isa = PBXFileReference; explicitFileType = wrapper.framework; includeInIndex = 0; path = Pods_viaSanAngel.framework; sourceTree = BUILT_PRODUCTS_DIR; };
		CF09567C234A749400A7C213 /* signUpViewController.swift */ = {isa = PBXFileReference; lastKnownFileType = sourcecode.swift; path = signUpViewController.swift; sourceTree = "<group>"; };
		CF09567F234A7A4100A7C213 /* mainTabBarViewController.swift */ = {isa = PBXFileReference; lastKnownFileType = sourcecode.swift; path = mainTabBarViewController.swift; sourceTree = "<group>"; };
		CF095682234A7A8700A7C213 /* StoresViewController.swift */ = {isa = PBXFileReference; lastKnownFileType = sourcecode.swift; path = StoresViewController.swift; sourceTree = "<group>"; };
		CF1223E423F20240006A93B0 /* Events.storyboard */ = {isa = PBXFileReference; lastKnownFileType = file.storyboard; path = Events.storyboard; sourceTree = "<group>"; };
		CF1223E623F202B9006A93B0 /* eventsViewController.swift */ = {isa = PBXFileReference; lastKnownFileType = sourcecode.swift; path = eventsViewController.swift; sourceTree = "<group>"; };
		CF1223E823F21102006A93B0 /* eventosTableViewController.swift */ = {isa = PBXFileReference; lastKnownFileType = sourcecode.swift; path = eventosTableViewController.swift; sourceTree = "<group>"; };
		CF1223EA23F216D3006A93B0 /* eventosTableViewCell.swift */ = {isa = PBXFileReference; lastKnownFileType = sourcecode.swift; path = eventosTableViewCell.swift; sourceTree = "<group>"; };
		CF1223EB23F216D3006A93B0 /* eventosTableViewCell.xib */ = {isa = PBXFileReference; lastKnownFileType = file.xib; path = eventosTableViewCell.xib; sourceTree = "<group>"; };
		CF1223EE23F22079006A93B0 /* calendarViewController.swift */ = {isa = PBXFileReference; lastKnownFileType = sourcecode.swift; path = calendarViewController.swift; sourceTree = "<group>"; };
		CF5415D023CFCF2800CFD34A /* Assets.xcassets */ = {isa = PBXFileReference; lastKnownFileType = folder.assetcatalog; path = Assets.xcassets; sourceTree = "<group>"; };
		CF59E4D723D65F6E000FBB25 /* CouponsViewController.swift */ = {isa = PBXFileReference; lastKnownFileType = sourcecode.swift; path = CouponsViewController.swift; sourceTree = "<group>"; };
		CF59E4D923D664F2000FBB25 /* cuponesTableViewCell.swift */ = {isa = PBXFileReference; lastKnownFileType = sourcecode.swift; path = cuponesTableViewCell.swift; sourceTree = "<group>"; };
		CF59E4DD23D66594000FBB25 /* cuponesTableViewCell.xib */ = {isa = PBXFileReference; fileEncoding = 4; lastKnownFileType = file.xib; name = cuponesTableViewCell.xib; path = "(Tab 1) Stores/cuponesTableViewCell.xib"; sourceTree = SOURCE_ROOT; };
		CF74A17323D1354400950974 /* tiendasTableViewCell.swift */ = {isa = PBXFileReference; lastKnownFileType = sourcecode.swift; path = tiendasTableViewCell.swift; sourceTree = "<group>"; };
		CF74A17423D1354400950974 /* tiendasTableViewCell.xib */ = {isa = PBXFileReference; lastKnownFileType = file.xib; path = tiendasTableViewCell.xib; sourceTree = "<group>"; };
		CF7532C423CAE4D400C3DFF4 /* baseURL.swift */ = {isa = PBXFileReference; lastKnownFileType = sourcecode.swift; path = baseURL.swift; sourceTree = "<group>"; };
		CF852C2323D23D0900A78E7D /* Extensions.swift */ = {isa = PBXFileReference; lastKnownFileType = sourcecode.swift; path = Extensions.swift; sourceTree = "<group>"; };
		CF852C2623D261CD00A78E7D /* profileViewController.swift */ = {isa = PBXFileReference; lastKnownFileType = sourcecode.swift; path = profileViewController.swift; sourceTree = "<group>"; };
		CF852C2823D2642F00A78E7D /* pickerDelegate.swift */ = {isa = PBXFileReference; lastKnownFileType = sourcecode.swift; path = pickerDelegate.swift; sourceTree = "<group>"; };
		CF9A2D3524073ABB000A3ABE /* GoogleService-Info.plist */ = {isa = PBXFileReference; fileEncoding = 4; lastKnownFileType = text.plist.xml; path = "GoogleService-Info.plist"; sourceTree = "<group>"; };
		CF9A2D3724073FB4000A3ABE /* Vía.SanÁngel.entitlements */ = {isa = PBXFileReference; lastKnownFileType = text.plist.entitlements; path = "Vía.SanÁngel.entitlements"; sourceTree = "<group>"; };
		CFA75116234AEBAF0005559F /* configuracionTableViewController.swift */ = {isa = PBXFileReference; lastKnownFileType = sourcecode.swift; path = configuracionTableViewController.swift; sourceTree = "<group>"; };
		CFA9104923F3611C00131DA6 /* folio.storyboard */ = {isa = PBXFileReference; lastKnownFileType = file.storyboard; path = folio.storyboard; sourceTree = "<group>"; };
		CFA9104B23F3621A00131DA6 /* folioViewController.swift */ = {isa = PBXFileReference; lastKnownFileType = sourcecode.swift; path = folioViewController.swift; sourceTree = "<group>"; };
		CFA9104D23F3623600131DA6 /* folioTableViewController.swift */ = {isa = PBXFileReference; lastKnownFileType = sourcecode.swift; path = folioTableViewController.swift; sourceTree = "<group>"; };
		CFAB54A223D82A4D005A35DC /* storeDetail.storyboard */ = {isa = PBXFileReference; lastKnownFileType = file.storyboard; path = storeDetail.storyboard; sourceTree = "<group>"; };
		CFAB54A423D82E14005A35DC /* storeDetailsViewController.swift */ = {isa = PBXFileReference; lastKnownFileType = sourcecode.swift; path = storeDetailsViewController.swift; sourceTree = "<group>"; };
		CFAB54A623D82F2F005A35DC /* storeDetailsTableViewController.swift */ = {isa = PBXFileReference; lastKnownFileType = sourcecode.swift; path = storeDetailsTableViewController.swift; sourceTree = "<group>"; };
		CFBCB5292347E730009F32B0 /* ViaSanAngel.app */ = {isa = PBXFileReference; explicitFileType = wrapper.application; includeInIndex = 0; path = ViaSanAngel.app; sourceTree = BUILT_PRODUCTS_DIR; };
		CFBCB52C2347E730009F32B0 /* AppDelegate.swift */ = {isa = PBXFileReference; lastKnownFileType = sourcecode.swift; path = AppDelegate.swift; sourceTree = "<group>"; };
		CFBCB5302347E730009F32B0 /* ViewController.swift */ = {isa = PBXFileReference; lastKnownFileType = sourcecode.swift; path = ViewController.swift; sourceTree = "<group>"; };
		CFBCB5332347E730009F32B0 /* Base */ = {isa = PBXFileReference; lastKnownFileType = file.storyboard; name = Base; path = Base.lproj/Main.storyboard; sourceTree = "<group>"; };
		CFBCB5362347E730009F32B0 /* viaSanAngel.xcdatamodel */ = {isa = PBXFileReference; lastKnownFileType = wrapper.xcdatamodel; path = viaSanAngel.xcdatamodel; sourceTree = "<group>"; };
		CFBCB53B2347E731009F32B0 /* Base */ = {isa = PBXFileReference; lastKnownFileType = file.storyboard; name = Base; path = Base.lproj/LaunchScreen.storyboard; sourceTree = "<group>"; };
		CFBCB53D2347E731009F32B0 /* Info.plist */ = {isa = PBXFileReference; lastKnownFileType = text.plist.xml; path = Info.plist; sourceTree = "<group>"; };
		CFBCB5442347F413009F32B0 /* signInViewController.swift */ = {isa = PBXFileReference; lastKnownFileType = sourcecode.swift; path = signInViewController.swift; sourceTree = "<group>"; };
		CFE8CDAC23EA40DA00561260 /* configuracionViewController.swift */ = {isa = PBXFileReference; lastKnownFileType = sourcecode.swift; path = configuracionViewController.swift; sourceTree = "<group>"; };
		CFF82BBA23D8BC9700CF76BA /* userDefaults.rtf */ = {isa = PBXFileReference; lastKnownFileType = text.rtf; path = userDefaults.rtf; sourceTree = "<group>"; };
		CFF82BBC23D8BE1E00CF76BA /* Coupons.storyboard */ = {isa = PBXFileReference; lastKnownFileType = file.storyboard; path = Coupons.storyboard; sourceTree = "<group>"; };
		CFF82BBE23D8BFC700CF76BA /* couponDetailViewController.swift */ = {isa = PBXFileReference; lastKnownFileType = sourcecode.swift; path = couponDetailViewController.swift; sourceTree = "<group>"; };
		CFF82BC023D8BFE000CF76BA /* couponDetailTableViewController.swift */ = {isa = PBXFileReference; lastKnownFileType = sourcecode.swift; path = couponDetailTableViewController.swift; sourceTree = "<group>"; };
		CFF82BC323D8EDF600CF76BA /* mapWebViewViewController.swift */ = {isa = PBXFileReference; lastKnownFileType = sourcecode.swift; path = mapWebViewViewController.swift; sourceTree = "<group>"; };
		CFF82BC523D9056200CF76BA /* WebKit.framework */ = {isa = PBXFileReference; lastKnownFileType = wrapper.framework; name = WebKit.framework; path = System/Library/Frameworks/WebKit.framework; sourceTree = SDKROOT; };
/* End PBXFileReference section */

/* Begin PBXFrameworksBuildPhase section */
		CFBCB5262347E730009F32B0 /* Frameworks */ = {
			isa = PBXFrameworksBuildPhase;
			buildActionMask = 2147483647;
			files = (
				CFF82BC623D9056300CF76BA /* WebKit.framework in Frameworks */,
				E023047F2ECF69112C463889 /* Pods_viaSanAngel.framework in Frameworks */,
			);
			runOnlyForDeploymentPostprocessing = 0;
		};
/* End PBXFrameworksBuildPhase section */

/* Begin PBXGroup section */
		29556CF08F19B963E8854503 /* Frameworks */ = {
			isa = PBXGroup;
			children = (
				CFF82BC523D9056200CF76BA /* WebKit.framework */,
				C2E0F7D5664FE877D8C14E35 /* Pods_viaSanAngel.framework */,
			);
			name = Frameworks;
			sourceTree = "<group>";
		};
		CA3F9233E26B34152048D263 /* Pods */ = {
			isa = PBXGroup;
			children = (
				42DB1E5933F9273554AC93DF /* Pods-viaSanAngel.debug.xcconfig */,
				43FEB4509E4508962807A5E7 /* Pods-viaSanAngel.release.xcconfig */,
			);
			path = Pods;
			sourceTree = "<group>";
		};
		CF09567E234A79C400A7C213 /* Tab Bar */ = {
			isa = PBXGroup;
			children = (
				CF09567F234A7A4100A7C213 /* mainTabBarViewController.swift */,
			);
			path = "Tab Bar";
			sourceTree = "<group>";
		};
		CF095681234A7A6B00A7C213 /* Categories */ = {
			isa = PBXGroup;
			children = (
				CFA75116234AEBAF0005559F /* configuracionTableViewController.swift */,
				CFE8CDAC23EA40DA00561260 /* configuracionViewController.swift */,
			);
			path = Categories;
			sourceTree = "<group>";
		};
		CF22CF4623EB38CA003EF110 /* (Tab 3) Eventos */ = {
			isa = PBXGroup;
			children = (
				CF1223E423F20240006A93B0 /* Events.storyboard */,
				CF1223E623F202B9006A93B0 /* eventsViewController.swift */,
				CF1223E823F21102006A93B0 /* eventosTableViewController.swift */,
				CF1223EA23F216D3006A93B0 /* eventosTableViewCell.swift */,
				CF1223EB23F216D3006A93B0 /* eventosTableViewCell.xib */,
				CF1223EE23F22079006A93B0 /* calendarViewController.swift */,
				9D95EC712407D9B100934CBB /* eventsDetails.storyboard */,
				9D95EC732407DAC600934CBB /* eventsDetailsViewController.swift */,
				9D95EC752407DB0300934CBB /* eventsDetailsTableViewController.swift */,
			);
			path = "(Tab 3) Eventos";
			sourceTree = "<group>";
		};
		CF59E4D623D65D3C000FBB25 /* (Tab 2) Coupons */ = {
			isa = PBXGroup;
			children = (
				CFA9104823F3610800131DA6 /* Folio */,
				CF59E4D723D65F6E000FBB25 /* CouponsViewController.swift */,
				CF59E4D923D664F2000FBB25 /* cuponesTableViewCell.swift */,
				CF59E4DD23D66594000FBB25 /* cuponesTableViewCell.xib */,
				CFF82BBC23D8BE1E00CF76BA /* Coupons.storyboard */,
				CFF82BBE23D8BFC700CF76BA /* couponDetailViewController.swift */,
				CFF82BC023D8BFE000CF76BA /* couponDetailTableViewController.swift */,
			);
			path = "(Tab 2) Coupons";
			sourceTree = "<group>";
		};
		CF7532C323CAE4BC00C3DFF4 /* Misc */ = {
			isa = PBXGroup;
			children = (
				CF7532C423CAE4D400C3DFF4 /* baseURL.swift */,
				CF852C2323D23D0900A78E7D /* Extensions.swift */,
				CF852C2823D2642F00A78E7D /* pickerDelegate.swift */,
				CFF82BBA23D8BC9700CF76BA /* userDefaults.rtf */,
			);
			path = Misc;
			sourceTree = "<group>";
		};
		CF852C2523D261B200A78E7D /* Profile */ = {
			isa = PBXGroup;
			children = (
				CF852C2623D261CD00A78E7D /* profileViewController.swift */,
			);
			path = Profile;
			sourceTree = "<group>";
		};
		CFA9104823F3610800131DA6 /* Folio */ = {
			isa = PBXGroup;
			children = (
				CFA9104923F3611C00131DA6 /* folio.storyboard */,
				CFA9104B23F3621A00131DA6 /* folioViewController.swift */,
				CFA9104D23F3623600131DA6 /* folioTableViewController.swift */,
			);
			path = Folio;
			sourceTree = "<group>";
		};
		CFBCB5202347E730009F32B0 = {
			isa = PBXGroup;
			children = (
				CFF82BC223D8ED8300CF76BA /* (Tab 4) Map */,
				CF22CF4623EB38CA003EF110 /* (Tab 3) Eventos */,
				CF59E4D623D65D3C000FBB25 /* (Tab 2) Coupons */,
				CFBF36E223D12EAB005103DD /* (Tab 1) Stores */,
				CF852C2523D261B200A78E7D /* Profile */,
				CF7532C323CAE4BC00C3DFF4 /* Misc */,
				CF095681234A7A6B00A7C213 /* Categories */,
				CF09567E234A79C400A7C213 /* Tab Bar */,
				CFBCB5432347F3F0009F32B0 /* Sign In Screen */,
				CFBCB52B2347E730009F32B0 /* viaSanAngel */,
				CFBCB52A2347E730009F32B0 /* Products */,
				CA3F9233E26B34152048D263 /* Pods */,
				29556CF08F19B963E8854503 /* Frameworks */,
			);
			sourceTree = "<group>";
		};
		CFBCB52A2347E730009F32B0 /* Products */ = {
			isa = PBXGroup;
			children = (
				CFBCB5292347E730009F32B0 /* ViaSanAngel.app */,
			);
			name = Products;
			sourceTree = "<group>";
		};
		CFBCB52B2347E730009F32B0 /* viaSanAngel */ = {
			isa = PBXGroup;
			children = (
				CF9A2D3724073FB4000A3ABE /* Vía.SanÁngel.entitlements */,
				CF9A2D3524073ABB000A3ABE /* GoogleService-Info.plist */,
				CFBCB52C2347E730009F32B0 /* AppDelegate.swift */,
				CFBCB5302347E730009F32B0 /* ViewController.swift */,
				CFBCB5322347E730009F32B0 /* Main.storyboard */,
				CFBCB53A2347E731009F32B0 /* LaunchScreen.storyboard */,
				CFBCB53D2347E731009F32B0 /* Info.plist */,
				CFBCB5352347E730009F32B0 /* viaSanAngel.xcdatamodeld */,
				CF5415D023CFCF2800CFD34A /* Assets.xcassets */,
			);
			path = viaSanAngel;
			sourceTree = "<group>";
		};
		CFBCB5432347F3F0009F32B0 /* Sign In Screen */ = {
			isa = PBXGroup;
			children = (
				CFBCB5442347F413009F32B0 /* signInViewController.swift */,
				CF09567C234A749400A7C213 /* signUpViewController.swift */,
			);
			path = "Sign In Screen";
			sourceTree = "<group>";
		};
		CFBF36E223D12EAB005103DD /* (Tab 1) Stores */ = {
			isa = PBXGroup;
			children = (
				CF095682234A7A8700A7C213 /* StoresViewController.swift */,
				CF74A17323D1354400950974 /* tiendasTableViewCell.swift */,
				CF74A17423D1354400950974 /* tiendasTableViewCell.xib */,
				CFAB54A223D82A4D005A35DC /* storeDetail.storyboard */,
				CFAB54A423D82E14005A35DC /* storeDetailsViewController.swift */,
				CFAB54A623D82F2F005A35DC /* storeDetailsTableViewController.swift */,
			);
			path = "(Tab 1) Stores";
			sourceTree = "<group>";
		};
		CFF82BC223D8ED8300CF76BA /* (Tab 4) Map */ = {
			isa = PBXGroup;
			children = (
				CFF82BC323D8EDF600CF76BA /* mapWebViewViewController.swift */,
			);
			path = "(Tab 4) Map";
			sourceTree = "<group>";
		};
/* End PBXGroup section */

/* Begin PBXNativeTarget section */
		CFBCB5282347E730009F32B0 /* viaSanAngel */ = {
			isa = PBXNativeTarget;
			buildConfigurationList = CFBCB5402347E731009F32B0 /* Build configuration list for PBXNativeTarget "viaSanAngel" */;
			buildPhases = (
				A8E4B7362C4E655EED86105D /* [CP] Check Pods Manifest.lock */,
				CFBCB5252347E730009F32B0 /* Sources */,
				CFBCB5262347E730009F32B0 /* Frameworks */,
				CFBCB5272347E730009F32B0 /* Resources */,
				91CC7EE0CE69D3E1E836AF1D /* [CP] Embed Pods Frameworks */,
			);
			buildRules = (
			);
			dependencies = (
			);
			name = viaSanAngel;
			productName = viaSanAngel;
			productReference = CFBCB5292347E730009F32B0 /* ViaSanAngel.app */;
			productType = "com.apple.product-type.application";
		};
/* End PBXNativeTarget section */

/* Begin PBXProject section */
		CFBCB5212347E730009F32B0 /* Project object */ = {
			isa = PBXProject;
			attributes = {
				LastSwiftUpdateCheck = 1100;
				LastUpgradeCheck = 1100;
				ORGANIZATIONNAME = "Brandon Gonzalez";
				TargetAttributes = {
					CFBCB5282347E730009F32B0 = {
						CreatedOnToolsVersion = 11.0;
					};
				};
			};
			buildConfigurationList = CFBCB5242347E730009F32B0 /* Build configuration list for PBXProject "viaSanAngel" */;
			compatibilityVersion = "Xcode 9.3";
			developmentRegion = en;
			hasScannedForEncodings = 0;
			knownRegions = (
				en,
				Base,
			);
			mainGroup = CFBCB5202347E730009F32B0;
			productRefGroup = CFBCB52A2347E730009F32B0 /* Products */;
			projectDirPath = "";
			projectRoot = "";
			targets = (
				CFBCB5282347E730009F32B0 /* viaSanAngel */,
			);
		};
/* End PBXProject section */

/* Begin PBXResourcesBuildPhase section */
		CFBCB5272347E730009F32B0 /* Resources */ = {
			isa = PBXResourcesBuildPhase;
			buildActionMask = 2147483647;
			files = (
				CFF82BBD23D8BE1E00CF76BA /* Coupons.storyboard in Resources */,
				CFF82BBB23D8BC9700CF76BA /* userDefaults.rtf in Resources */,
				9D95EC722407D9B100934CBB /* eventsDetails.storyboard in Resources */,
				CF74A17623D1354400950974 /* tiendasTableViewCell.xib in Resources */,
				CFBCB53C2347E731009F32B0 /* LaunchScreen.storyboard in Resources */,
				CF1223ED23F216D3006A93B0 /* eventosTableViewCell.xib in Resources */,
				CF9A2D3624073ABC000A3ABE /* GoogleService-Info.plist in Resources */,
				CFA9104A23F3611C00131DA6 /* folio.storyboard in Resources */,
				CF59E4DE23D66594000FBB25 /* cuponesTableViewCell.xib in Resources */,
				CF1223E523F20240006A93B0 /* Events.storyboard in Resources */,
				CFAB54A323D82A4D005A35DC /* storeDetail.storyboard in Resources */,
				CF5415D123CFCF2800CFD34A /* Assets.xcassets in Resources */,
				CFBCB5342347E730009F32B0 /* Main.storyboard in Resources */,
			);
			runOnlyForDeploymentPostprocessing = 0;
		};
/* End PBXResourcesBuildPhase section */

/* Begin PBXShellScriptBuildPhase section */
		91CC7EE0CE69D3E1E836AF1D /* [CP] Embed Pods Frameworks */ = {
			isa = PBXShellScriptBuildPhase;
			buildActionMask = 2147483647;
			files = (
			);
			inputFileListPaths = (
				"${PODS_ROOT}/Target Support Files/Pods-viaSanAngel/Pods-viaSanAngel-frameworks-${CONFIGURATION}-input-files.xcfilelist",
			);
			name = "[CP] Embed Pods Frameworks";
			outputFileListPaths = (
				"${PODS_ROOT}/Target Support Files/Pods-viaSanAngel/Pods-viaSanAngel-frameworks-${CONFIGURATION}-output-files.xcfilelist",
			);
			runOnlyForDeploymentPostprocessing = 0;
			shellPath = /bin/sh;
			shellScript = "\"${PODS_ROOT}/Target Support Files/Pods-viaSanAngel/Pods-viaSanAngel-frameworks.sh\"\n";
			showEnvVarsInLog = 0;
		};
		A8E4B7362C4E655EED86105D /* [CP] Check Pods Manifest.lock */ = {
			isa = PBXShellScriptBuildPhase;
			buildActionMask = 2147483647;
			files = (
			);
			inputFileListPaths = (
			);
			inputPaths = (
				"${PODS_PODFILE_DIR_PATH}/Podfile.lock",
				"${PODS_ROOT}/Manifest.lock",
			);
			name = "[CP] Check Pods Manifest.lock";
			outputFileListPaths = (
			);
			outputPaths = (
				"$(DERIVED_FILE_DIR)/Pods-viaSanAngel-checkManifestLockResult.txt",
			);
			runOnlyForDeploymentPostprocessing = 0;
			shellPath = /bin/sh;
			shellScript = "diff \"${PODS_PODFILE_DIR_PATH}/Podfile.lock\" \"${PODS_ROOT}/Manifest.lock\" > /dev/null\nif [ $? != 0 ] ; then\n    # print error to STDERR\n    echo \"error: The sandbox is not in sync with the Podfile.lock. Run 'pod install' or update your CocoaPods installation.\" >&2\n    exit 1\nfi\n# This output is used by Xcode 'outputs' to avoid re-running this script phase.\necho \"SUCCESS\" > \"${SCRIPT_OUTPUT_FILE_0}\"\n";
			showEnvVarsInLog = 0;
		};
/* End PBXShellScriptBuildPhase section */

/* Begin PBXSourcesBuildPhase section */
		CFBCB5252347E730009F32B0 /* Sources */ = {
			isa = PBXSourcesBuildPhase;
			buildActionMask = 2147483647;
			files = (
				CFA9104E23F3623600131DA6 /* folioTableViewController.swift in Sources */,
				CF852C2723D261CD00A78E7D /* profileViewController.swift in Sources */,
				CFA75117234AEBAF0005559F /* configuracionTableViewController.swift in Sources */,
				CF1223E923F21102006A93B0 /* eventosTableViewController.swift in Sources */,
				CF59E4DB23D664F2000FBB25 /* cuponesTableViewCell.swift in Sources */,
				CF1223EC23F216D3006A93B0 /* eventosTableViewCell.swift in Sources */,
				CF1223E723F202B9006A93B0 /* eventsViewController.swift in Sources */,
				CFBCB5312347E730009F32B0 /* ViewController.swift in Sources */,
				CF852C2923D2642F00A78E7D /* pickerDelegate.swift in Sources */,
				CFBCB5372347E730009F32B0 /* viaSanAngel.xcdatamodeld in Sources */,
				9D95EC762407DB0400934CBB /* eventsDetailsTableViewController.swift in Sources */,
				CF09567D234A749400A7C213 /* signUpViewController.swift in Sources */,
				CF7532C523CAE4D400C3DFF4 /* baseURL.swift in Sources */,
				CFF82BBF23D8BFC700CF76BA /* couponDetailViewController.swift in Sources */,
				CFE8CDAD23EA40DA00561260 /* configuracionViewController.swift in Sources */,
				CFBCB52D2347E730009F32B0 /* AppDelegate.swift in Sources */,
				CFF82BC123D8BFE000CF76BA /* couponDetailTableViewController.swift in Sources */,
				CF852C2423D23D0900A78E7D /* Extensions.swift in Sources */,
				CFA9104C23F3621A00131DA6 /* folioViewController.swift in Sources */,
				CFAB54A523D82E14005A35DC /* storeDetailsViewController.swift in Sources */,
				CF74A17523D1354400950974 /* tiendasTableViewCell.swift in Sources */,
				CF1223EF23F22079006A93B0 /* calendarViewController.swift in Sources */,
				CF095683234A7A8700A7C213 /* StoresViewController.swift in Sources */,
				9D95EC742407DAC600934CBB /* eventsDetailsViewController.swift in Sources */,
				CF095680234A7A4100A7C213 /* mainTabBarViewController.swift in Sources */,
				CF59E4D823D65F6E000FBB25 /* CouponsViewController.swift in Sources */,
				CFAB54A723D82F2F005A35DC /* storeDetailsTableViewController.swift in Sources */,
				CFBCB5452347F413009F32B0 /* signInViewController.swift in Sources */,
				CFF82BC423D8EDF600CF76BA /* mapWebViewViewController.swift in Sources */,
			);
			runOnlyForDeploymentPostprocessing = 0;
		};
/* End PBXSourcesBuildPhase section */

/* Begin PBXVariantGroup section */
		CFBCB5322347E730009F32B0 /* Main.storyboard */ = {
			isa = PBXVariantGroup;
			children = (
				CFBCB5332347E730009F32B0 /* Base */,
			);
			name = Main.storyboard;
			sourceTree = "<group>";
		};
		CFBCB53A2347E731009F32B0 /* LaunchScreen.storyboard */ = {
			isa = PBXVariantGroup;
			children = (
				CFBCB53B2347E731009F32B0 /* Base */,
			);
			name = LaunchScreen.storyboard;
			sourceTree = "<group>";
		};
/* End PBXVariantGroup section */

/* Begin XCBuildConfiguration section */
		CFBCB53E2347E731009F32B0 /* Debug */ = {
			isa = XCBuildConfiguration;
			buildSettings = {
				ALWAYS_SEARCH_USER_PATHS = NO;
				CLANG_ANALYZER_NONNULL = YES;
				CLANG_ANALYZER_NUMBER_OBJECT_CONVERSION = YES_AGGRESSIVE;
				CLANG_CXX_LANGUAGE_STANDARD = "gnu++14";
				CLANG_CXX_LIBRARY = "libc++";
				CLANG_ENABLE_MODULES = YES;
				CLANG_ENABLE_OBJC_ARC = YES;
				CLANG_ENABLE_OBJC_WEAK = YES;
				CLANG_WARN_BLOCK_CAPTURE_AUTORELEASING = YES;
				CLANG_WARN_BOOL_CONVERSION = YES;
				CLANG_WARN_COMMA = YES;
				CLANG_WARN_CONSTANT_CONVERSION = YES;
				CLANG_WARN_DEPRECATED_OBJC_IMPLEMENTATIONS = YES;
				CLANG_WARN_DIRECT_OBJC_ISA_USAGE = YES_ERROR;
				CLANG_WARN_DOCUMENTATION_COMMENTS = YES;
				CLANG_WARN_EMPTY_BODY = YES;
				CLANG_WARN_ENUM_CONVERSION = YES;
				CLANG_WARN_INFINITE_RECURSION = YES;
				CLANG_WARN_INT_CONVERSION = YES;
				CLANG_WARN_NON_LITERAL_NULL_CONVERSION = YES;
				CLANG_WARN_OBJC_IMPLICIT_RETAIN_SELF = YES;
				CLANG_WARN_OBJC_LITERAL_CONVERSION = YES;
				CLANG_WARN_OBJC_ROOT_CLASS = YES_ERROR;
				CLANG_WARN_RANGE_LOOP_ANALYSIS = YES;
				CLANG_WARN_STRICT_PROTOTYPES = YES;
				CLANG_WARN_SUSPICIOUS_MOVE = YES;
				CLANG_WARN_UNGUARDED_AVAILABILITY = YES_AGGRESSIVE;
				CLANG_WARN_UNREACHABLE_CODE = YES;
				CLANG_WARN__DUPLICATE_METHOD_MATCH = YES;
				COPY_PHASE_STRIP = NO;
				DEBUG_INFORMATION_FORMAT = dwarf;
				ENABLE_STRICT_OBJC_MSGSEND = YES;
				ENABLE_TESTABILITY = YES;
				GCC_C_LANGUAGE_STANDARD = gnu11;
				GCC_DYNAMIC_NO_PIC = NO;
				GCC_NO_COMMON_BLOCKS = YES;
				GCC_OPTIMIZATION_LEVEL = 0;
				GCC_PREPROCESSOR_DEFINITIONS = (
					"DEBUG=1",
					"$(inherited)",
				);
				GCC_WARN_64_TO_32_BIT_CONVERSION = YES;
				GCC_WARN_ABOUT_RETURN_TYPE = YES_ERROR;
				GCC_WARN_UNDECLARED_SELECTOR = YES;
				GCC_WARN_UNINITIALIZED_AUTOS = YES_AGGRESSIVE;
				GCC_WARN_UNUSED_FUNCTION = YES;
				GCC_WARN_UNUSED_VARIABLE = YES;
				IPHONEOS_DEPLOYMENT_TARGET = 13.0;
				MTL_ENABLE_DEBUG_INFO = INCLUDE_SOURCE;
				MTL_FAST_MATH = YES;
				ONLY_ACTIVE_ARCH = YES;
				SDKROOT = iphoneos;
				SWIFT_ACTIVE_COMPILATION_CONDITIONS = DEBUG;
				SWIFT_OPTIMIZATION_LEVEL = "-Onone";
			};
			name = Debug;
		};
		CFBCB53F2347E731009F32B0 /* Release */ = {
			isa = XCBuildConfiguration;
			buildSettings = {
				ALWAYS_SEARCH_USER_PATHS = NO;
				CLANG_ANALYZER_NONNULL = YES;
				CLANG_ANALYZER_NUMBER_OBJECT_CONVERSION = YES_AGGRESSIVE;
				CLANG_CXX_LANGUAGE_STANDARD = "gnu++14";
				CLANG_CXX_LIBRARY = "libc++";
				CLANG_ENABLE_MODULES = YES;
				CLANG_ENABLE_OBJC_ARC = YES;
				CLANG_ENABLE_OBJC_WEAK = YES;
				CLANG_WARN_BLOCK_CAPTURE_AUTORELEASING = YES;
				CLANG_WARN_BOOL_CONVERSION = YES;
				CLANG_WARN_COMMA = YES;
				CLANG_WARN_CONSTANT_CONVERSION = YES;
				CLANG_WARN_DEPRECATED_OBJC_IMPLEMENTATIONS = YES;
				CLANG_WARN_DIRECT_OBJC_ISA_USAGE = YES_ERROR;
				CLANG_WARN_DOCUMENTATION_COMMENTS = YES;
				CLANG_WARN_EMPTY_BODY = YES;
				CLANG_WARN_ENUM_CONVERSION = YES;
				CLANG_WARN_INFINITE_RECURSION = YES;
				CLANG_WARN_INT_CONVERSION = YES;
				CLANG_WARN_NON_LITERAL_NULL_CONVERSION = YES;
				CLANG_WARN_OBJC_IMPLICIT_RETAIN_SELF = YES;
				CLANG_WARN_OBJC_LITERAL_CONVERSION = YES;
				CLANG_WARN_OBJC_ROOT_CLASS = YES_ERROR;
				CLANG_WARN_RANGE_LOOP_ANALYSIS = YES;
				CLANG_WARN_STRICT_PROTOTYPES = YES;
				CLANG_WARN_SUSPICIOUS_MOVE = YES;
				CLANG_WARN_UNGUARDED_AVAILABILITY = YES_AGGRESSIVE;
				CLANG_WARN_UNREACHABLE_CODE = YES;
				CLANG_WARN__DUPLICATE_METHOD_MATCH = YES;
				COPY_PHASE_STRIP = NO;
				DEBUG_INFORMATION_FORMAT = "dwarf-with-dsym";
				ENABLE_NS_ASSERTIONS = NO;
				ENABLE_STRICT_OBJC_MSGSEND = YES;
				GCC_C_LANGUAGE_STANDARD = gnu11;
				GCC_NO_COMMON_BLOCKS = YES;
				GCC_WARN_64_TO_32_BIT_CONVERSION = YES;
				GCC_WARN_ABOUT_RETURN_TYPE = YES_ERROR;
				GCC_WARN_UNDECLARED_SELECTOR = YES;
				GCC_WARN_UNINITIALIZED_AUTOS = YES_AGGRESSIVE;
				GCC_WARN_UNUSED_FUNCTION = YES;
				GCC_WARN_UNUSED_VARIABLE = YES;
				IPHONEOS_DEPLOYMENT_TARGET = 13.0;
				MTL_ENABLE_DEBUG_INFO = NO;
				MTL_FAST_MATH = YES;
				SDKROOT = iphoneos;
				SWIFT_COMPILATION_MODE = wholemodule;
				SWIFT_OPTIMIZATION_LEVEL = "-O";
				VALIDATE_PRODUCT = YES;
			};
			name = Release;
		};
		CFBCB5412347E731009F32B0 /* Debug */ = {
			isa = XCBuildConfiguration;
			baseConfigurationReference = 42DB1E5933F9273554AC93DF /* Pods-viaSanAngel.debug.xcconfig */;
			buildSettings = {
				ASSETCATALOG_COMPILER_APPICON_NAME = AppIcon;
				CODE_SIGN_ENTITLEMENTS = "viaSanAngel/Vía.SanÁngel.entitlements";
				CODE_SIGN_STYLE = Automatic;
				CURRENT_PROJECT_VERSION = 2;
				DEVELOPMENT_TEAM = 6RW3S42MR2;
				INFOPLIST_FILE = viaSanAngel/Info.plist;
				IPHONEOS_DEPLOYMENT_TARGET = 11.2;
				LD_RUNPATH_SEARCH_PATHS = (
					"$(inherited)",
					"@executable_path/Frameworks",
				);
				MARKETING_VERSION = 1.1.1.0;
				PRODUCT_BUNDLE_IDENTIFIER = com.viasanangel.broandon;
				PRODUCT_NAME = ViaSanAngel;
				SWIFT_VERSION = 5.0;
				TARGETED_DEVICE_FAMILY = 1;
			};
			name = Debug;
		};
		CFBCB5422347E731009F32B0 /* Release */ = {
			isa = XCBuildConfiguration;
			baseConfigurationReference = 43FEB4509E4508962807A5E7 /* Pods-viaSanAngel.release.xcconfig */;
			buildSettings = {
				ASSETCATALOG_COMPILER_APPICON_NAME = AppIcon;
				CODE_SIGN_ENTITLEMENTS = "viaSanAngel/Vía.SanÁngel.entitlements";
				CODE_SIGN_STYLE = Automatic;
				CURRENT_PROJECT_VERSION = 2;
				DEVELOPMENT_TEAM = 6RW3S42MR2;
				INFOPLIST_FILE = viaSanAngel/Info.plist;
				IPHONEOS_DEPLOYMENT_TARGET = 11.2;
				LD_RUNPATH_SEARCH_PATHS = (
					"$(inherited)",
					"@executable_path/Frameworks",
				);
				MARKETING_VERSION = 1.1.1.0;
				PRODUCT_BUNDLE_IDENTIFIER = com.viasanangel.broandon;
				PRODUCT_NAME = ViaSanAngel;
				SWIFT_VERSION = 5.0;
				TARGETED_DEVICE_FAMILY = 1;
			};
			name = Release;
		};
/* End XCBuildConfiguration section */

/* Begin XCConfigurationList section */
		CFBCB5242347E730009F32B0 /* Build configuration list for PBXProject "viaSanAngel" */ = {
			isa = XCConfigurationList;
			buildConfigurations = (
				CFBCB53E2347E731009F32B0 /* Debug */,
				CFBCB53F2347E731009F32B0 /* Release */,
			);
			defaultConfigurationIsVisible = 0;
			defaultConfigurationName = Release;
		};
		CFBCB5402347E731009F32B0 /* Build configuration list for PBXNativeTarget "viaSanAngel" */ = {
			isa = XCConfigurationList;
			buildConfigurations = (
				CFBCB5412347E731009F32B0 /* Debug */,
				CFBCB5422347E731009F32B0 /* Release */,
			);
			defaultConfigurationIsVisible = 0;
			defaultConfigurationName = Release;
		};
/* End XCConfigurationList section */

/* Begin XCVersionGroup section */
		CFBCB5352347E730009F32B0 /* viaSanAngel.xcdatamodeld */ = {
			isa = XCVersionGroup;
			children = (
				CFBCB5362347E730009F32B0 /* viaSanAngel.xcdatamodel */,
			);
			currentVersion = CFBCB5362347E730009F32B0 /* viaSanAngel.xcdatamodel */;
			path = viaSanAngel.xcdatamodeld;
			sourceTree = "<group>";
			versionGroupType = wrapper.xcdatamodel;
		};
/* End XCVersionGroup section */
	};
	rootObject = CFBCB5212347E730009F32B0 /* Project object */;
}
