// !$*UTF8*$!
{
	archiveVersion = 1;
	classes = {
	};
	objectVersion = 51;
	objects = {

/* Begin PBXBuildFile section */
		CF09567D234A749400A7C213 /* signUpViewController.swift in Sources */ = {isa = PBXBuildFile; fileRef = CF09567C234A749400A7C213 /* signUpViewController.swift */; };
		CF095680234A7A4100A7C213 /* mainTabBarViewController.swift in Sources */ = {isa = PBXBuildFile; fileRef = CF09567F234A7A4100A7C213 /* mainTabBarViewController.swift */; };
		CF095683234A7A8700A7C213 /* StoresViewController.swift in Sources */ = {isa = PBXBuildFile; fileRef = CF095682234A7A8700A7C213 /* StoresViewController.swift */; };
		CF42CC42234ABD3D009EB13E /* configuracionViewController.swift in Sources */ = {isa = PBXBuildFile; fileRef = CF42CC41234ABD3C009EB13E /* configuracionViewController.swift */; };
		CF7532C523CAE4D400C3DFF4 /* baseURL.swift in Sources */ = {isa = PBXBuildFile; fileRef = CF7532C423CAE4D400C3DFF4 /* baseURL.swift */; };
		CFA75117234AEBAF0005559F /* configuracionTableViewController.swift in Sources */ = {isa = PBXBuildFile; fileRef = CFA75116234AEBAF0005559F /* configuracionTableViewController.swift */; };
		CFA75119234AEC510005559F /* myProfileViewController.swift in Sources */ = {isa = PBXBuildFile; fileRef = CFA75118234AEC510005559F /* myProfileViewController.swift */; };
		CFBCB52D2347E730009F32B0 /* AppDelegate.swift in Sources */ = {isa = PBXBuildFile; fileRef = CFBCB52C2347E730009F32B0 /* AppDelegate.swift */; };
		CFBCB5312347E730009F32B0 /* ViewController.swift in Sources */ = {isa = PBXBuildFile; fileRef = CFBCB5302347E730009F32B0 /* ViewController.swift */; };
		CFBCB5342347E730009F32B0 /* Main.storyboard in Resources */ = {isa = PBXBuildFile; fileRef = CFBCB5322347E730009F32B0 /* Main.storyboard */; };
		CFBCB5372347E730009F32B0 /* viaSanAngel.xcdatamodeld in Sources */ = {isa = PBXBuildFile; fileRef = CFBCB5352347E730009F32B0 /* viaSanAngel.xcdatamodeld */; };
		CFBCB5392347E731009F32B0 /* Assets.xcassets in Resources */ = {isa = PBXBuildFile; fileRef = CFBCB5382347E731009F32B0 /* Assets.xcassets */; };
		CFBCB53C2347E731009F32B0 /* LaunchScreen.storyboard in Resources */ = {isa = PBXBuildFile; fileRef = CFBCB53A2347E731009F32B0 /* LaunchScreen.storyboard */; };
		CFBCB5452347F413009F32B0 /* signInViewController.swift in Sources */ = {isa = PBXBuildFile; fileRef = CFBCB5442347F413009F32B0 /* signInViewController.swift */; };
		E023047F2ECF69112C463889 /* Pods_viaSanAngel.framework in Frameworks */ = {isa = PBXBuildFile; fileRef = C2E0F7D5664FE877D8C14E35 /* Pods_viaSanAngel.framework */; };
/* End PBXBuildFile section */

/* Begin PBXFileReference section */
		42DB1E5933F9273554AC93DF /* Pods-viaSanAngel.debug.xcconfig */ = {isa = PBXFileReference; includeInIndex = 1; lastKnownFileType = text.xcconfig; name = "Pods-viaSanAngel.debug.xcconfig"; path = "Target Support Files/Pods-viaSanAngel/Pods-viaSanAngel.debug.xcconfig"; sourceTree = "<group>"; };
		43FEB4509E4508962807A5E7 /* Pods-viaSanAngel.release.xcconfig */ = {isa = PBXFileReference; includeInIndex = 1; lastKnownFileType = text.xcconfig; name = "Pods-viaSanAngel.release.xcconfig"; path = "Target Support Files/Pods-viaSanAngel/Pods-viaSanAngel.release.xcconfig"; sourceTree = "<group>"; };
		C2E0F7D5664FE877D8C14E35 /* Pods_viaSanAngel.framework */ = {isa = PBXFileReference; explicitFileType = wrapper.framework; includeInIndex = 0; path = Pods_viaSanAngel.framework; sourceTree = BUILT_PRODUCTS_DIR; };
		CF09567C234A749400A7C213 /* signUpViewController.swift */ = {isa = PBXFileReference; lastKnownFileType = sourcecode.swift; path = signUpViewController.swift; sourceTree = "<group>"; };
		CF09567F234A7A4100A7C213 /* mainTabBarViewController.swift */ = {isa = PBXFileReference; lastKnownFileType = sourcecode.swift; path = mainTabBarViewController.swift; sourceTree = "<group>"; };
		CF095682234A7A8700A7C213 /* StoresViewController.swift */ = {isa = PBXFileReference; lastKnownFileType = sourcecode.swift; path = StoresViewController.swift; sourceTree = "<group>"; };
		CF42CC41234ABD3C009EB13E /* configuracionViewController.swift */ = {isa = PBXFileReference; lastKnownFileType = sourcecode.swift; path = configuracionViewController.swift; sourceTree = "<group>"; };
		CF7532C423CAE4D400C3DFF4 /* baseURL.swift */ = {isa = PBXFileReference; lastKnownFileType = sourcecode.swift; path = baseURL.swift; sourceTree = "<group>"; };
		CFA75116234AEBAF0005559F /* configuracionTableViewController.swift */ = {isa = PBXFileReference; lastKnownFileType = sourcecode.swift; path = configuracionTableViewController.swift; sourceTree = "<group>"; };
		CFA75118234AEC510005559F /* myProfileViewController.swift */ = {isa = PBXFileReference; lastKnownFileType = sourcecode.swift; path = myProfileViewController.swift; sourceTree = "<group>"; };
		CFBCB5292347E730009F32B0 /* viaSanAngel.app */ = {isa = PBXFileReference; explicitFileType = wrapper.application; includeInIndex = 0; path = viaSanAngel.app; sourceTree = BUILT_PRODUCTS_DIR; };
		CFBCB52C2347E730009F32B0 /* AppDelegate.swift */ = {isa = PBXFileReference; lastKnownFileType = sourcecode.swift; path = AppDelegate.swift; sourceTree = "<group>"; };
		CFBCB5302347E730009F32B0 /* ViewController.swift */ = {isa = PBXFileReference; lastKnownFileType = sourcecode.swift; path = ViewController.swift; sourceTree = "<group>"; };
		CFBCB5332347E730009F32B0 /* Base */ = {isa = PBXFileReference; lastKnownFileType = file.storyboard; name = Base; path = Base.lproj/Main.storyboard; sourceTree = "<group>"; };
		CFBCB5362347E730009F32B0 /* viaSanAngel.xcdatamodel */ = {isa = PBXFileReference; lastKnownFileType = wrapper.xcdatamodel; path = viaSanAngel.xcdatamodel; sourceTree = "<group>"; };
		CFBCB5382347E731009F32B0 /* Assets.xcassets */ = {isa = PBXFileReference; lastKnownFileType = folder.assetcatalog; path = Assets.xcassets; sourceTree = "<group>"; };
		CFBCB53B2347E731009F32B0 /* Base */ = {isa = PBXFileReference; lastKnownFileType = file.storyboard; name = Base; path = Base.lproj/LaunchScreen.storyboard; sourceTree = "<group>"; };
		CFBCB53D2347E731009F32B0 /* Info.plist */ = {isa = PBXFileReference; lastKnownFileType = text.plist.xml; path = Info.plist; sourceTree = "<group>"; };
		CFBCB5442347F413009F32B0 /* signInViewController.swift */ = {isa = PBXFileReference; lastKnownFileType = sourcecode.swift; path = signInViewController.swift; sourceTree = "<group>"; };
/* End PBXFileReference section */

/* Begin PBXFrameworksBuildPhase section */
		CFBCB5262347E730009F32B0 /* Frameworks */ = {
			isa = PBXFrameworksBuildPhase;
			buildActionMask = 2147483647;
			files = (
				E023047F2ECF69112C463889 /* Pods_viaSanAngel.framework in Frameworks */,
			);
			runOnlyForDeploymentPostprocessing = 0;
		};
/* End PBXFrameworksBuildPhase section */

/* Begin PBXGroup section */
		29556CF08F19B963E8854503 /* Frameworks */ = {
			isa = PBXGroup;
			children = (
				C2E0F7D5664FE877D8C14E35 /* Pods_viaSanAngel.framework */,
			);
			name = Frameworks;
			sourceTree = "<group>";
		};
		CA3F9233E26B34152048D263 /* Pods */ = {
			isa = PBXGroup;
			children = (
				42DB1E5933F9273554AC93DF /* Pods-viaSanAngel.debug.xcconfig */,
				43FEB4509E4508962807A5E7 /* Pods-viaSanAngel.release.xcconfig */,
			);
			path = Pods;
			sourceTree = "<group>";
		};
		CF09567E234A79C400A7C213 /* Tab Bar */ = {
			isa = PBXGroup;
			children = (
				CF09567F234A7A4100A7C213 /* mainTabBarViewController.swift */,
			);
			path = "Tab Bar";
			sourceTree = "<group>";
		};
		CF095681234A7A6B00A7C213 /* Categories */ = {
			isa = PBXGroup;
			children = (
				CF095682234A7A8700A7C213 /* StoresViewController.swift */,
				CF42CC41234ABD3C009EB13E /* configuracionViewController.swift */,
				CFA75116234AEBAF0005559F /* configuracionTableViewController.swift */,
				CFA75118234AEC510005559F /* myProfileViewController.swift */,
			);
			path = Categories;
			sourceTree = "<group>";
		};
		CF7532C323CAE4BC00C3DFF4 /* Misc */ = {
			isa = PBXGroup;
			children = (
				CF7532C423CAE4D400C3DFF4 /* baseURL.swift */,
			);
			path = Misc;
			sourceTree = "<group>";
		};
		CFBCB5202347E730009F32B0 = {
			isa = PBXGroup;
			children = (
				CF7532C323CAE4BC00C3DFF4 /* Misc */,
				CF095681234A7A6B00A7C213 /* Categories */,
				CF09567E234A79C400A7C213 /* Tab Bar */,
				CFBCB5432347F3F0009F32B0 /* Sign In Screen */,
				CFBCB52B2347E730009F32B0 /* viaSanAngel */,
				CFBCB52A2347E730009F32B0 /* Products */,
				CA3F9233E26B34152048D263 /* Pods */,
				29556CF08F19B963E8854503 /* Frameworks */,
			);
			sourceTree = "<group>";
		};
		CFBCB52A2347E730009F32B0 /* Products */ = {
			isa = PBXGroup;
			children = (
				CFBCB5292347E730009F32B0 /* viaSanAngel.app */,
			);
			name = Products;
			sourceTree = "<group>";
		};
		CFBCB52B2347E730009F32B0 /* viaSanAngel */ = {
			isa = PBXGroup;
			children = (
				CFBCB52C2347E730009F32B0 /* AppDelegate.swift */,
				CFBCB5302347E730009F32B0 /* ViewController.swift */,
				CFBCB5322347E730009F32B0 /* Main.storyboard */,
				CFBCB5382347E731009F32B0 /* Assets.xcassets */,
				CFBCB53A2347E731009F32B0 /* LaunchScreen.storyboard */,
				CFBCB53D2347E731009F32B0 /* Info.plist */,
				CFBCB5352347E730009F32B0 /* viaSanAngel.xcdatamodeld */,
			);
			path = viaSanAngel;
			sourceTree = "<group>";
		};
		CFBCB5432347F3F0009F32B0 /* Sign In Screen */ = {
			isa = PBXGroup;
			children = (
				CFBCB5442347F413009F32B0 /* signInViewController.swift */,
				CF09567C234A749400A7C213 /* signUpViewController.swift */,
			);
			path = "Sign In Screen";
			sourceTree = "<group>";
		};
/* End PBXGroup section */

/* Begin PBXNativeTarget section */
		CFBCB5282347E730009F32B0 /* viaSanAngel */ = {
			isa = PBXNativeTarget;
			buildConfigurationList = CFBCB5402347E731009F32B0 /* Build configuration list for PBXNativeTarget "viaSanAngel" */;
			buildPhases = (
				A8E4B7362C4E655EED86105D /* [CP] Check Pods Manifest.lock */,
				CFBCB5252347E730009F32B0 /* Sources */,
				CFBCB5262347E730009F32B0 /* Frameworks */,
				CFBCB5272347E730009F32B0 /* Resources */,
				91CC7EE0CE69D3E1E836AF1D /* [CP] Embed Pods Frameworks */,
			);
			buildRules = (
			);
			dependencies = (
			);
			name = viaSanAngel;
			productName = viaSanAngel;
			productReference = CFBCB5292347E730009F32B0 /* viaSanAngel.app */;
			productType = "com.apple.product-type.application";
		};
/* End PBXNativeTarget section */

/* Begin PBXProject section */
		CFBCB5212347E730009F32B0 /* Project object */ = {
			isa = PBXProject;
			attributes = {
				LastSwiftUpdateCheck = 1100;
				LastUpgradeCheck = 1100;
				ORGANIZATIONNAME = "Brandon Gonzalez";
				TargetAttributes = {
					CFBCB5282347E730009F32B0 = {
						CreatedOnToolsVersion = 11.0;
					};
				};
			};
			buildConfigurationList = CFBCB5242347E730009F32B0 /* Build configuration list for PBXProject "viaSanAngel" */;
			compatibilityVersion = "Xcode 9.3";
			developmentRegion = en;
			hasScannedForEncodings = 0;
			knownRegions = (
				en,
				Base,
			);
			mainGroup = CFBCB5202347E730009F32B0;
			productRefGroup = CFBCB52A2347E730009F32B0 /* Products */;
			projectDirPath = "";
			projectRoot = "";
			targets = (
				CFBCB5282347E730009F32B0 /* viaSanAngel */,
			);
		};
/* End PBXProject section */

/* Begin PBXResourcesBuildPhase section */
		CFBCB5272347E730009F32B0 /* Resources */ = {
			isa = PBXResourcesBuildPhase;
			buildActionMask = 2147483647;
			files = (
				CFBCB53C2347E731009F32B0 /* LaunchScreen.storyboard in Resources */,
				CFBCB5392347E731009F32B0 /* Assets.xcassets in Resources */,
				CFBCB5342347E730009F32B0 /* Main.storyboard in Resources */,
			);
			runOnlyForDeploymentPostprocessing = 0;
		};
/* End PBXResourcesBuildPhase section */

/* Begin PBXShellScriptBuildPhase section */
		91CC7EE0CE69D3E1E836AF1D /* [CP] Embed Pods Frameworks */ = {
			isa = PBXShellScriptBuildPhase;
			buildActionMask = 2147483647;
			files = (
			);
			inputFileListPaths = (
				"${PODS_ROOT}/Target Support Files/Pods-viaSanAngel/Pods-viaSanAngel-frameworks-${CONFIGURATION}-input-files.xcfilelist",
			);
			name = "[CP] Embed Pods Frameworks";
			outputFileListPaths = (
				"${PODS_ROOT}/Target Support Files/Pods-viaSanAngel/Pods-viaSanAngel-frameworks-${CONFIGURATION}-output-files.xcfilelist",
			);
			runOnlyForDeploymentPostprocessing = 0;
			shellPath = /bin/sh;
			shellScript = "\"${PODS_ROOT}/Target Support Files/Pods-viaSanAngel/Pods-viaSanAngel-frameworks.sh\"\n";
			showEnvVarsInLog = 0;
		};
		A8E4B7362C4E655EED86105D /* [CP] Check Pods Manifest.lock */ = {
			isa = PBXShellScriptBuildPhase;
			buildActionMask = 2147483647;
			files = (
			);
			inputFileListPaths = (
			);
			inputPaths = (
				"${PODS_PODFILE_DIR_PATH}/Podfile.lock",
				"${PODS_ROOT}/Manifest.lock",
			);
			name = "[CP] Check Pods Manifest.lock";
			outputFileListPaths = (
			);
			outputPaths = (
				"$(DERIVED_FILE_DIR)/Pods-viaSanAngel-checkManifestLockResult.txt",
			);
			runOnlyForDeploymentPostprocessing = 0;
			shellPath = /bin/sh;
			shellScript = "diff \"${PODS_PODFILE_DIR_PATH}/Podfile.lock\" \"${PODS_ROOT}/Manifest.lock\" > /dev/null\nif [ $? != 0 ] ; then\n    # print error to STDERR\n    echo \"error: The sandbox is not in sync with the Podfile.lock. Run 'pod install' or update your CocoaPods installation.\" >&2\n    exit 1\nfi\n# This output is used by Xcode 'outputs' to avoid re-running this script phase.\necho \"SUCCESS\" > \"${SCRIPT_OUTPUT_FILE_0}\"\n";
			showEnvVarsInLog = 0;
		};
/* End PBXShellScriptBuildPhase section */

/* Begin PBXSourcesBuildPhase section */
		CFBCB5252347E730009F32B0 /* Sources */ = {
			isa = PBXSourcesBuildPhase;
			buildActionMask = 2147483647;
			files = (
				CFA75119234AEC510005559F /* myProfileViewController.swift in Sources */,
				CF42CC42234ABD3D009EB13E /* configuracionViewController.swift in Sources */,
				CFA75117234AEBAF0005559F /* configuracionTableViewController.swift in Sources */,
				CFBCB5312347E730009F32B0 /* ViewController.swift in Sources */,
				CFBCB5372347E730009F32B0 /* viaSanAngel.xcdatamodeld in Sources */,
				CF09567D234A749400A7C213 /* signUpViewController.swift in Sources */,
				CF7532C523CAE4D400C3DFF4 /* baseURL.swift in Sources */,
				CFBCB52D2347E730009F32B0 /* AppDelegate.swift in Sources */,
				CF095683234A7A8700A7C213 /* StoresViewController.swift in Sources */,
				CF095680234A7A4100A7C213 /* mainTabBarViewController.swift in Sources */,
				CFBCB5452347F413009F32B0 /* signInViewController.swift in Sources */,
			);
			runOnlyForDeploymentPostprocessing = 0;
		};
/* End PBXSourcesBuildPhase section */

/* Begin PBXVariantGroup section */
		CFBCB5322347E730009F32B0 /* Main.storyboard */ = {
			isa = PBXVariantGroup;
			children = (
				CFBCB5332347E730009F32B0 /* Base */,
			);
			name = Main.storyboard;
			sourceTree = "<group>";
		};
		CFBCB53A2347E731009F32B0 /* LaunchScreen.storyboard */ = {
			isa = PBXVariantGroup;
			children = (
				CFBCB53B2347E731009F32B0 /* Base */,
			);
			name = LaunchScreen.storyboard;
			sourceTree = "<group>";
		};
/* End PBXVariantGroup section */

/* Begin XCBuildConfiguration section */
		CFBCB53E2347E731009F32B0 /* Debug */ = {
			isa = XCBuildConfiguration;
			buildSettings = {
				ALWAYS_SEARCH_USER_PATHS = NO;
				CLANG_ANALYZER_NONNULL = YES;
				CLANG_ANALYZER_NUMBER_OBJECT_CONVERSION = YES_AGGRESSIVE;
				CLANG_CXX_LANGUAGE_STANDARD = "gnu++14";
				CLANG_CXX_LIBRARY = "libc++";
				CLANG_ENABLE_MODULES = YES;
				CLANG_ENABLE_OBJC_ARC = YES;
				CLANG_ENABLE_OBJC_WEAK = YES;
				CLANG_WARN_BLOCK_CAPTURE_AUTORELEASING = YES;
				CLANG_WARN_BOOL_CONVERSION = YES;
				CLANG_WARN_COMMA = YES;
				CLANG_WARN_CONSTANT_CONVERSION = YES;
				CLANG_WARN_DEPRECATED_OBJC_IMPLEMENTATIONS = YES;
				CLANG_WARN_DIRECT_OBJC_ISA_USAGE = YES_ERROR;
				CLANG_WARN_DOCUMENTATION_COMMENTS = YES;
				CLANG_WARN_EMPTY_BODY = YES;
				CLANG_WARN_ENUM_CONVERSION = YES;
				CLANG_WARN_INFINITE_RECURSION = YES;
				CLANG_WARN_INT_CONVERSION = YES;
				CLANG_WARN_NON_LITERAL_NULL_CONVERSION = YES;
				CLANG_WARN_OBJC_IMPLICIT_RETAIN_SELF = YES;
				CLANG_WARN_OBJC_LITERAL_CONVERSION = YES;
				CLANG_WARN_OBJC_ROOT_CLASS = YES_ERROR;
				CLANG_WARN_RANGE_LOOP_ANALYSIS = YES;
				CLANG_WARN_STRICT_PROTOTYPES = YES;
				CLANG_WARN_SUSPICIOUS_MOVE = YES;
				CLANG_WARN_UNGUARDED_AVAILABILITY = YES_AGGRESSIVE;
				CLANG_WARN_UNREACHABLE_CODE = YES;
				CLANG_WARN__DUPLICATE_METHOD_MATCH = YES;
				COPY_PHASE_STRIP = NO;
				DEBUG_INFORMATION_FORMAT = dwarf;
				ENABLE_STRICT_OBJC_MSGSEND = YES;
				ENABLE_TESTABILITY = YES;
				GCC_C_LANGUAGE_STANDARD = gnu11;
				GCC_DYNAMIC_NO_PIC = NO;
				GCC_NO_COMMON_BLOCKS = YES;
				GCC_OPTIMIZATION_LEVEL = 0;
				GCC_PREPROCESSOR_DEFINITIONS = (
					"DEBUG=1",
					"$(inherited)",
				);
				GCC_WARN_64_TO_32_BIT_CONVERSION = YES;
				GCC_WARN_ABOUT_RETURN_TYPE = YES_ERROR;
				GCC_WARN_UNDECLARED_SELECTOR = YES;
				GCC_WARN_UNINITIALIZED_AUTOS = YES_AGGRESSIVE;
				GCC_WARN_UNUSED_FUNCTION = YES;
				GCC_WARN_UNUSED_VARIABLE = YES;
				IPHONEOS_DEPLOYMENT_TARGET = 13.0;
				MTL_ENABLE_DEBUG_INFO = INCLUDE_SOURCE;
				MTL_FAST_MATH = YES;
				ONLY_ACTIVE_ARCH = YES;
				SDKROOT = iphoneos;
				SWIFT_ACTIVE_COMPILATION_CONDITIONS = DEBUG;
				SWIFT_OPTIMIZATION_LEVEL = "-Onone";
			};
			name = Debug;
		};
		CFBCB53F2347E731009F32B0 /* Release */ = {
			isa = XCBuildConfiguration;
			buildSettings = {
				ALWAYS_SEARCH_USER_PATHS = NO;
				CLANG_ANALYZER_NONNULL = YES;
				CLANG_ANALYZER_NUMBER_OBJECT_CONVERSION = YES_AGGRESSIVE;
				CLANG_CXX_LANGUAGE_STANDARD = "gnu++14";
				CLANG_CXX_LIBRARY = "libc++";
				CLANG_ENABLE_MODULES = YES;
				CLANG_ENABLE_OBJC_ARC = YES;
				CLANG_ENABLE_OBJC_WEAK = YES;
				CLANG_WARN_BLOCK_CAPTURE_AUTORELEASING = YES;
				CLANG_WARN_BOOL_CONVERSION = YES;
				CLANG_WARN_COMMA = YES;
				CLANG_WARN_CONSTANT_CONVERSION = YES;
				CLANG_WARN_DEPRECATED_OBJC_IMPLEMENTATIONS = YES;
				CLANG_WARN_DIRECT_OBJC_ISA_USAGE = YES_ERROR;
				CLANG_WARN_DOCUMENTATION_COMMENTS = YES;
				CLANG_WARN_EMPTY_BODY = YES;
				CLANG_WARN_ENUM_CONVERSION = YES;
				CLANG_WARN_INFINITE_RECURSION = YES;
				CLANG_WARN_INT_CONVERSION = YES;
				CLANG_WARN_NON_LITERAL_NULL_CONVERSION = YES;
				CLANG_WARN_OBJC_IMPLICIT_RETAIN_SELF = YES;
				CLANG_WARN_OBJC_LITERAL_CONVERSION = YES;
				CLANG_WARN_OBJC_ROOT_CLASS = YES_ERROR;
				CLANG_WARN_RANGE_LOOP_ANALYSIS = YES;
				CLANG_WARN_STRICT_PROTOTYPES = YES;
				CLANG_WARN_SUSPICIOUS_MOVE = YES;
				CLANG_WARN_UNGUARDED_AVAILABILITY = YES_AGGRESSIVE;
				CLANG_WARN_UNREACHABLE_CODE = YES;
				CLANG_WARN__DUPLICATE_METHOD_MATCH = YES;
				COPY_PHASE_STRIP = NO;
				DEBUG_INFORMATION_FORMAT = "dwarf-with-dsym";
				ENABLE_NS_ASSERTIONS = NO;
				ENABLE_STRICT_OBJC_MSGSEND = YES;
				GCC_C_LANGUAGE_STANDARD = gnu11;
				GCC_NO_COMMON_BLOCKS = YES;
				GCC_WARN_64_TO_32_BIT_CONVERSION = YES;
				GCC_WARN_ABOUT_RETURN_TYPE = YES_ERROR;
				GCC_WARN_UNDECLARED_SELECTOR = YES;
				GCC_WARN_UNINITIALIZED_AUTOS = YES_AGGRESSIVE;
				GCC_WARN_UNUSED_FUNCTION = YES;
				GCC_WARN_UNUSED_VARIABLE = YES;
				IPHONEOS_DEPLOYMENT_TARGET = 13.0;
				MTL_ENABLE_DEBUG_INFO = NO;
				MTL_FAST_MATH = YES;
				SDKROOT = iphoneos;
				SWIFT_COMPILATION_MODE = wholemodule;
				SWIFT_OPTIMIZATION_LEVEL = "-O";
				VALIDATE_PRODUCT = YES;
			};
			name = Release;
		};
		CFBCB5412347E731009F32B0 /* Debug */ = {
			isa = XCBuildConfiguration;
			baseConfigurationReference = 42DB1E5933F9273554AC93DF /* Pods-viaSanAngel.debug.xcconfig */;
			buildSettings = {
				ASSETCATALOG_COMPILER_APPICON_NAME = AppIcon;
				CODE_SIGN_STYLE = Automatic;
				DEVELOPMENT_TEAM = 6RW3S42MR2;
				INFOPLIST_FILE = viaSanAngel/Info.plist;
				IPHONEOS_DEPLOYMENT_TARGET = 11.2;
				LD_RUNPATH_SEARCH_PATHS = (
					"$(inherited)",
					"@executable_path/Frameworks",
				);
				PRODUCT_BUNDLE_IDENTIFIER = Broandon.viaSanAngel;
				PRODUCT_NAME = "$(TARGET_NAME)";
				SWIFT_VERSION = 5.0;
				TARGETED_DEVICE_FAMILY = 1;
			};
			name = Debug;
		};
		CFBCB5422347E731009F32B0 /* Release */ = {
			isa = XCBuildConfiguration;
			baseConfigurationReference = 43FEB4509E4508962807A5E7 /* Pods-viaSanAngel.release.xcconfig */;
			buildSettings = {
				ASSETCATALOG_COMPILER_APPICON_NAME = AppIcon;
				CODE_SIGN_STYLE = Automatic;
				DEVELOPMENT_TEAM = 6RW3S42MR2;
				INFOPLIST_FILE = viaSanAngel/Info.plist;
				IPHONEOS_DEPLOYMENT_TARGET = 11.2;
				LD_RUNPATH_SEARCH_PATHS = (
					"$(inherited)",
					"@executable_path/Frameworks",
				);
				PRODUCT_BUNDLE_IDENTIFIER = Broandon.viaSanAngel;
				PRODUCT_NAME = "$(TARGET_NAME)";
				SWIFT_VERSION = 5.0;
				TARGETED_DEVICE_FAMILY = 1;
			};
			name = Release;
		};
/* End XCBuildConfiguration section */

/* Begin XCConfigurationList section */
		CFBCB5242347E730009F32B0 /* Build configuration list for PBXProject "viaSanAngel" */ = {
			isa = XCConfigurationList;
			buildConfigurations = (
				CFBCB53E2347E731009F32B0 /* Debug */,
				CFBCB53F2347E731009F32B0 /* Release */,
			);
			defaultConfigurationIsVisible = 0;
			defaultConfigurationName = Release;
		};
		CFBCB5402347E731009F32B0 /* Build configuration list for PBXNativeTarget "viaSanAngel" */ = {
			isa = XCConfigurationList;
			buildConfigurations = (
				CFBCB5412347E731009F32B0 /* Debug */,
				CFBCB5422347E731009F32B0 /* Release */,
			);
			defaultConfigurationIsVisible = 0;
			defaultConfigurationName = Release;
		};
/* End XCConfigurationList section */

/* Begin XCVersionGroup section */
		CFBCB5352347E730009F32B0 /* viaSanAngel.xcdatamodeld */ = {
			isa = XCVersionGroup;
			children = (
				CFBCB5362347E730009F32B0 /* viaSanAngel.xcdatamodel */,
			);
			currentVersion = CFBCB5362347E730009F32B0 /* viaSanAngel.xcdatamodel */;
			path = viaSanAngel.xcdatamodeld;
			sourceTree = "<group>";
			versionGroupType = wrapper.xcdatamodel;
		};
/* End XCVersionGroup section */
	};
	rootObject = CFBCB5212347E730009F32B0 /* Project object */;
}
